
Microsoft Visual Studio Solution File, Format Version 11.00
# Visual Studio 2010
Project("{FAE04EC0-301F-11D3-BF4B-00C04F79EFBC}") = "Assembly-CSharp", "Assembly-CSharp.csproj", "{BD6C71F6-1605-D31A-2C42-12A8ACD91E73}"
EndProject
Project("{FAE04EC0-301F-11D3-BF4B-00C04F79EFBC}") = "Assembly-CSharp-firstpass", "Assembly-CSharp-firstpass.csproj", "{6EB32D9D-FB59-BD31-536A-0237453D69FE}"
EndProject
Project("{FAE04EC0-301F-11D3-BF4B-00C04F79EFBC}") = "Assembly-CSharp-Editor", "Assembly-CSharp-Editor.csproj", "{F8DCE365-115A-03AF-CEE6-373032376173}"
EndProject
Global
	GlobalSection(SolutionConfigurationPlatforms) = preSolution
		Debug|Any CPU = Debug|Any CPU
		Release|Any CPU = Release|Any CPU
	EndGlobalSection
	GlobalSection(ProjectConfigurationPlatforms) = postSolution
		{BD6C71F6-1605-D31A-2C42-12A8ACD91E73}.Debug|Any CPU.ActiveCfg = Debug|Any CPU
		{BD6C71F6-1605-D31A-2C42-12A8ACD91E73}.Debug|Any CPU.Build.0 = Debug|Any CPU
		{BD6C71F6-1605-D31A-2C42-12A8ACD91E73}.Release|Any CPU.ActiveCfg = Release|Any CPU
		{BD6C71F6-1605-D31A-2C42-12A8ACD91E73}.Release|Any CPU.Build.0 = Release|Any CPU
		{6EB32D9D-FB59-BD31-536A-0237453D69FE}.Debug|Any CPU.ActiveCfg = Debug|Any CPU
		{6EB32D9D-FB59-BD31-536A-0237453D69FE}.Debug|Any CPU.Build.0 = Debug|Any CPU
		{6EB32D9D-FB59-BD31-536A-0237453D69FE}.Release|Any CPU.ActiveCfg = Release|Any CPU
		{6EB32D9D-FB59-BD31-536A-0237453D69FE}.Release|Any CPU.Build.0 = Release|Any CPU
		{F8DCE365-115A-03AF-CEE6-373032376173}.Debug|Any CPU.ActiveCfg = Debug|Any CPU
		{F8DCE365-115A-03AF-CEE6-373032376173}.Debug|Any CPU.Build.0 = Debug|Any CPU
		{F8DCE365-115A-03AF-CEE6-373032376173}.Release|Any CPU.ActiveCfg = Release|Any CPU
		{F8DCE365-115A-03AF-CEE6-373032376173}.Release|Any CPU.Build.0 = Release|Any CPU
	EndGlobalSection
	GlobalSection(SolutionProperties) = preSolution
		HideSolutionNode = FALSE
	EndGlobalSection
EndGlobal
